
Microsoft Visual Studio Solution File, Format Version 12.00
# Visual Studio Version 16
VisualStudioVersion = 16.0.29411.108
MinimumVisualStudioVersion = 10.0.40219.1
Project("{FAE04EC0-301F-11D3-BF4B-00C04F79EFBC}") = "ServiceRegistration", "ServiceRegistration\ServiceRegistration.csproj", "{647DC861-3B1F-4322-9A58-23BC11779D8A}"
EndProject
Project("{FAE04EC0-301F-11D3-BF4B-00C04F79EFBC}") = "ServiceRegistrationLibrary", "ServiceRegistrationLibrary\ServiceRegistrationLibrary.csproj", "{E6E64FE6-90A5-4728-9CB2-83A13666CD85}"
EndProject
Global
	GlobalSection(SolutionConfigurationPlatforms) = preSolution
		Debug|Any CPU = Debug|Any CPU
		Release|Any CPU = Release|Any CPU
	EndGlobalSection
	GlobalSection(ProjectConfigurationPlatforms) = postSolution
		{647DC861-3B1F-4322-9A58-23BC11779D8A}.Debug|Any CPU.ActiveCfg = Debug|Any CPU
		{647DC861-3B1F-4322-9A58-23BC11779D8A}.Debug|Any CPU.Build.0 = Debug|Any CPU
		{647DC861-3B1F-4322-9A58-23BC11779D8A}.Release|Any CPU.ActiveCfg = Release|Any CPU
		{647DC861-3B1F-4322-9A58-23BC11779D8A}.Release|Any CPU.Build.0 = Release|Any CPU
		{E6E64FE6-90A5-4728-9CB2-83A13666CD85}.Debug|Any CPU.ActiveCfg = Debug|Any CPU
		{E6E64FE6-90A5-4728-9CB2-83A13666CD85}.Debug|Any CPU.Build.0 = Debug|Any CPU
		{E6E64FE6-90A5-4728-9CB2-83A13666CD85}.Release|Any CPU.ActiveCfg = Release|Any CPU
		{E6E64FE6-90A5-4728-9CB2-83A13666CD85}.Release|Any CPU.Build.0 = Release|Any CPU
	EndGlobalSection
	GlobalSection(SolutionProperties) = preSolution
		HideSolutionNode = FALSE
	EndGlobalSection
	GlobalSection(ExtensibilityGlobals) = postSolution
		SolutionGuid = {6490A37E-875F-4191-BFA1-5F96AAC81301}
	EndGlobalSection
EndGlobal
